name: Block
slug: block
description: The most versatile and secure wallet for all your coins
categories:
  - Blockchain & Cryptocurrencies
type: REST
is_free: false
logo: https://raw.githubusercontent.com/apis-list/apis-list/main/apis/block/logo_256x256.png
links:
  - name: Docs / Website
    url: https://block.io/
